// !$*UTF8*$!
{
	archiveVersion = 1;
	classes = {
	};
	objectVersion = 46;
	objects = {

/* Begin PBXBuildFile section */
		28845F0916E6D6E80003287E /* UIKit.framework in Frameworks */ = {isa = PBXBuildFile; fileRef = 28845F0816E6D6E80003287E /* UIKit.framework */; };
		28845F0B16E6D6E80003287E /* Foundation.framework in Frameworks */ = {isa = PBXBuildFile; fileRef = 28845F0A16E6D6E80003287E /* Foundation.framework */; };
		28845F0D16E6D6E80003287E /* CoreGraphics.framework in Frameworks */ = {isa = PBXBuildFile; fileRef = 28845F0C16E6D6E80003287E /* CoreGraphics.framework */; };
		28845F0F16E6D6E80003287E /* CoreData.framework in Frameworks */ = {isa = PBXBuildFile; fileRef = 28845F0E16E6D6E80003287E /* CoreData.framework */; };
		28845F1216E6D6E80003287E /* Podfile in Resources */ = {isa = PBXBuildFile; fileRef = 28845F1116E6D6E80003287E /* Podfile */; };
		28845F1816E6D6E80003287E /* TaskListRAPIClient.m in Sources */ = {isa = PBXBuildFile; fileRef = 28845F1716E6D6E80003287E /* TaskListRAPIClient.m */; };
		28845F1C16E6D6E80003287E /* InfoPlist.strings in Resources */ = {isa = PBXBuildFile; fileRef = 28845F1A16E6D6E80003287E /* InfoPlist.strings */; };
		28845F1E16E6D6E80003287E /* main.m in Sources */ = {isa = PBXBuildFile; fileRef = 28845F1D16E6D6E80003287E /* main.m */; };
		28845F2116E6D6E80003287E /* AppDelegate.m in Sources */ = {isa = PBXBuildFile; fileRef = 28845F2016E6D6E80003287E /* AppDelegate.m */; };
		28845F2316E6D6E90003287E /* Default.png in Resources */ = {isa = PBXBuildFile; fileRef = 28845F2216E6D6E90003287E /* Default.png */; };
		28845F2516E6D6E90003287E /* Default@2x.png in Resources */ = {isa = PBXBuildFile; fileRef = 28845F2416E6D6E90003287E /* Default@2x.png */; };
		28845F2716E6D6E90003287E /* Default-568h@2x.png in Resources */ = {isa = PBXBuildFile; fileRef = 28845F2616E6D6E90003287E /* Default-568h@2x.png */; };
		28845F2B16E6D6E90003287E /* TaskListR.xcdatamodeld in Sources */ = {isa = PBXBuildFile; fileRef = 28845F2916E6D6E90003287E /* TaskListR.xcdatamodeld */; };
		28845F2E16E6D6E90003287E /* TaskListRIncrementalStore.m in Sources */ = {isa = PBXBuildFile; fileRef = 28845F2D16E6D6E90003287E /* TaskListRIncrementalStore.m */; };
/* End PBXBuildFile section */

/* Begin PBXFileReference section */
		28845F0416E6D6E80003287E /* TaskListR.app */ = {isa = PBXFileReference; explicitFileType = wrapper.application; includeInIndex = 0; path = TaskListR.app; sourceTree = BUILT_PRODUCTS_DIR; };
		28845F0816E6D6E80003287E /* UIKit.framework */ = {isa = PBXFileReference; lastKnownFileType = wrapper.framework; name = UIKit.framework; path = System/Library/Frameworks/UIKit.framework; sourceTree = SDKROOT; };
		28845F0A16E6D6E80003287E /* Foundation.framework */ = {isa = PBXFileReference; lastKnownFileType = wrapper.framework; name = Foundation.framework; path = System/Library/Frameworks/Foundation.framework; sourceTree = SDKROOT; };
		28845F0C16E6D6E80003287E /* CoreGraphics.framework */ = {isa = PBXFileReference; lastKnownFileType = wrapper.framework; name = CoreGraphics.framework; path = System/Library/Frameworks/CoreGraphics.framework; sourceTree = SDKROOT; };
		28845F0E16E6D6E80003287E /* CoreData.framework */ = {isa = PBXFileReference; lastKnownFileType = wrapper.framework; name = CoreData.framework; path = System/Library/Frameworks/CoreData.framework; sourceTree = SDKROOT; };
		28845F1116E6D6E80003287E /* Podfile */ = {isa = PBXFileReference; lastKnownFileType = text; name = Podfile; path = ../Podfile; sourceTree = "<group>"; };
		28845F1416E6D6E80003287E /* TaskListR-Prefix.pch */ = {isa = PBXFileReference; lastKnownFileType = sourcecode.c.h; path = "TaskListR-Prefix.pch"; sourceTree = "<group>"; };
		28845F1616E6D6E80003287E /* TaskListRAPIClient.h */ = {isa = PBXFileReference; lastKnownFileType = sourcecode.c.h; name = TaskListRAPIClient.h; path = Classes/TaskListRAPIClient.h; sourceTree = "<group>"; };
		28845F1716E6D6E80003287E /* TaskListRAPIClient.m */ = {isa = PBXFileReference; lastKnownFileType = sourcecode.c.objc; name = TaskListRAPIClient.m; path = Classes/TaskListRAPIClient.m; sourceTree = "<group>"; };
		28845F1916E6D6E80003287E /* TaskListR-Info.plist */ = {isa = PBXFileReference; lastKnownFileType = text.plist.xml; path = "TaskListR-Info.plist"; sourceTree = "<group>"; };
		28845F1B16E6D6E80003287E /* en */ = {isa = PBXFileReference; lastKnownFileType = text.plist.strings; name = en; path = en.lproj/InfoPlist.strings; sourceTree = "<group>"; };
		28845F1D16E6D6E80003287E /* main.m */ = {isa = PBXFileReference; lastKnownFileType = sourcecode.c.objc; path = main.m; sourceTree = "<group>"; };
		28845F1F16E6D6E80003287E /* AppDelegate.h */ = {isa = PBXFileReference; lastKnownFileType = sourcecode.c.h; path = AppDelegate.h; sourceTree = "<group>"; };
		28845F2016E6D6E80003287E /* AppDelegate.m */ = {isa = PBXFileReference; lastKnownFileType = sourcecode.c.objc; path = AppDelegate.m; sourceTree = "<group>"; };
		28845F2216E6D6E90003287E /* Default.png */ = {isa = PBXFileReference; lastKnownFileType = image.png; path = Default.png; sourceTree = "<group>"; };
		28845F2416E6D6E90003287E /* Default@2x.png */ = {isa = PBXFileReference; lastKnownFileType = image.png; path = "Default@2x.png"; sourceTree = "<group>"; };
		28845F2616E6D6E90003287E /* Default-568h@2x.png */ = {isa = PBXFileReference; lastKnownFileType = image.png; path = "Default-568h@2x.png"; sourceTree = "<group>"; };
		28845F2A16E6D6E90003287E /* TaskListR.xcdatamodel */ = {isa = PBXFileReference; lastKnownFileType = wrapper.xcdatamodel; path = TaskListR.xcdatamodel; sourceTree = "<group>"; };
		28845F2C16E6D6E90003287E /* TaskListRIncrementalStore.h */ = {isa = PBXFileReference; lastKnownFileType = sourcecode.c.h; name = TaskListRIncrementalStore.h; path = Classes/TaskListRIncrementalStore.h; sourceTree = "<group>"; };
		28845F2D16E6D6E90003287E /* TaskListRIncrementalStore.m */ = {isa = PBXFileReference; lastKnownFileType = sourcecode.c.objc; name = TaskListRIncrementalStore.m; path = Classes/TaskListRIncrementalStore.m; sourceTree = "<group>"; };
/* End PBXFileReference section */

/* Begin PBXFrameworksBuildPhase section */
		28845F0116E6D6E80003287E /* Frameworks */ = {
			isa = PBXFrameworksBuildPhase;
			buildActionMask = 2147483647;
			files = (
				28845F0916E6D6E80003287E /* UIKit.framework in Frameworks */,
				28845F0B16E6D6E80003287E /* Foundation.framework in Frameworks */,
				28845F0D16E6D6E80003287E /* CoreGraphics.framework in Frameworks */,
				28845F0F16E6D6E80003287E /* CoreData.framework in Frameworks */,
			);
			runOnlyForDeploymentPostprocessing = 0;
		};
/* End PBXFrameworksBuildPhase section */

/* Begin PBXGroup section */
		28845EF916E6D6E80003287E = {
			isa = PBXGroup;
			children = (
				28845F1016E6D6E80003287E /* TaskListR */,
				28845F0716E6D6E80003287E /* Frameworks */,
				28845F0516E6D6E80003287E /* Products */,
			);
			sourceTree = "<group>";
		};
		28845F0516E6D6E80003287E /* Products */ = {
			isa = PBXGroup;
			children = (
				28845F0416E6D6E80003287E /* TaskListR.app */,
			);
			name = Products;
			sourceTree = "<group>";
		};
		28845F0716E6D6E80003287E /* Frameworks */ = {
			isa = PBXGroup;
			children = (
				28845F0816E6D6E80003287E /* UIKit.framework */,
				28845F0A16E6D6E80003287E /* Foundation.framework */,
				28845F0C16E6D6E80003287E /* CoreGraphics.framework */,
				28845F0E16E6D6E80003287E /* CoreData.framework */,
			);
			name = Frameworks;
			sourceTree = "<group>";
		};
		28845F1016E6D6E80003287E /* TaskListR */ = {
			isa = PBXGroup;
			children = (
				28845F1116E6D6E80003287E /* Podfile */,
				28845F1F16E6D6E80003287E /* AppDelegate.h */,
				28845F2016E6D6E80003287E /* AppDelegate.m */,
				28845F1516E6D6E80003287E /* Networking */,
				28845F2816E6D6E90003287E /* Models */,
				28845F1316E6D6E80003287E /* Supporting Files */,
			);
			path = TaskListR;
			sourceTree = "<group>";
		};
		28845F1316E6D6E80003287E /* Supporting Files */ = {
			isa = PBXGroup;
			children = (
				28845F1416E6D6E80003287E /* TaskListR-Prefix.pch */,
				28845F1916E6D6E80003287E /* TaskListR-Info.plist */,
				28845F1A16E6D6E80003287E /* InfoPlist.strings */,
				28845F1D16E6D6E80003287E /* main.m */,
				28845F2216E6D6E90003287E /* Default.png */,
				28845F2416E6D6E90003287E /* Default@2x.png */,
				28845F2616E6D6E90003287E /* Default-568h@2x.png */,
			);
			name = "Supporting Files";
			sourceTree = "<group>";
		};
		28845F1516E6D6E80003287E /* Networking */ = {
			isa = PBXGroup;
			children = (
				28845F1616E6D6E80003287E /* TaskListRAPIClient.h */,
				28845F1716E6D6E80003287E /* TaskListRAPIClient.m */,
				28845F2C16E6D6E90003287E /* TaskListRIncrementalStore.h */,
				28845F2D16E6D6E90003287E /* TaskListRIncrementalStore.m */,
			);
			name = Networking;
			sourceTree = "<group>";
		};
		28845F2816E6D6E90003287E /* Models */ = {
			isa = PBXGroup;
			children = (
				28845F2916E6D6E90003287E /* TaskListR.xcdatamodeld */,
			);
			name = Models;
			sourceTree = "<group>";
		};
/* End PBXGroup section */

/* Begin PBXNativeTarget section */
		28845F0316E6D6E80003287E /* TaskListR */ = {
			isa = PBXNativeTarget;
			buildConfigurationList = 28845F3116E6D6E90003287E /* Build configuration list for PBXNativeTarget "TaskListR" */;
			buildPhases = (
				28845F0016E6D6E80003287E /* Sources */,
				28845F0116E6D6E80003287E /* Frameworks */,
				28845F0216E6D6E80003287E /* Resources */,
			);
			buildRules = (
			);
			dependencies = (
			);
			name = TaskListR;
			productName = TaskListR;
			productReference = 28845F0416E6D6E80003287E /* TaskListR.app */;
			productType = "com.apple.product-type.application";
		};
/* End PBXNativeTarget section */

/* Begin PBXProject section */
		28845EFB16E6D6E80003287E /* Project object */ = {
			isa = PBXProject;
			attributes = {
				LastUpgradeCheck = 0450;
				ORGANIZATIONNAME = MSG;
			};
			buildConfigurationList = 28845EFE16E6D6E80003287E /* Build configuration list for PBXProject "TaskListR" */;
			compatibilityVersion = "Xcode 3.2";
			developmentRegion = English;
			hasScannedForEncodings = 0;
			knownRegions = (
				en,
			);
			mainGroup = 28845EF916E6D6E80003287E;
			productRefGroup = 28845F0516E6D6E80003287E /* Products */;
			projectDirPath = "";
			projectRoot = "";
			targets = (
				28845F0316E6D6E80003287E /* TaskListR */,
			);
		};
/* End PBXProject section */

/* Begin PBXResourcesBuildPhase section */
		28845F0216E6D6E80003287E /* Resources */ = {
			isa = PBXResourcesBuildPhase;
			buildActionMask = 2147483647;
			files = (
				28845F1216E6D6E80003287E /* Podfile in Resources */,
				28845F1C16E6D6E80003287E /* InfoPlist.strings in Resources */,
				28845F2316E6D6E90003287E /* Default.png in Resources */,
				28845F2516E6D6E90003287E /* Default@2x.png in Resources */,
				28845F2716E6D6E90003287E /* Default-568h@2x.png in Resources */,
			);
			runOnlyForDeploymentPostprocessing = 0;
		};
/* End PBXResourcesBuildPhase section */

/* Begin PBXSourcesBuildPhase section */
		28845F0016E6D6E80003287E /* Sources */ = {
			isa = PBXSourcesBuildPhase;
			buildActionMask = 2147483647;
			files = (
				28845F1816E6D6E80003287E /* TaskListRAPIClient.m in Sources */,
				28845F1E16E6D6E80003287E /* main.m in Sources */,
				28845F2116E6D6E80003287E /* AppDelegate.m in Sources */,
				28845F2B16E6D6E90003287E /* TaskListR.xcdatamodeld in Sources */,
				28845F2E16E6D6E90003287E /* TaskListRIncrementalStore.m in Sources */,
			);
			runOnlyForDeploymentPostprocessing = 0;
		};
/* End PBXSourcesBuildPhase section */

/* Begin PBXVariantGroup section */
		28845F1A16E6D6E80003287E /* InfoPlist.strings */ = {
			isa = PBXVariantGroup;
			children = (
				28845F1B16E6D6E80003287E /* en */,
			);
			name = InfoPlist.strings;
			sourceTree = "<group>";
		};
/* End PBXVariantGroup section */

/* Begin XCBuildConfiguration section */
		28845F2F16E6D6E90003287E /* Debug */ = {
			isa = XCBuildConfiguration;
			buildSettings = {
				ALWAYS_SEARCH_USER_PATHS = NO;
				CLANG_CXX_LANGUAGE_STANDARD = "gnu++0x";
				CLANG_CXX_LIBRARY = "libc++";
				CLANG_ENABLE_OBJC_ARC = YES;
				CLANG_WARN_EMPTY_BODY = YES;
				CLANG_WARN__DUPLICATE_METHOD_MATCH = YES;
				"CODE_SIGN_IDENTITY[sdk=iphoneos*]" = "iPhone Developer";
				COPY_PHASE_STRIP = NO;
				GCC_C_LANGUAGE_STANDARD = gnu99;
				GCC_DYNAMIC_NO_PIC = NO;
				GCC_OPTIMIZATION_LEVEL = 0;
				GCC_PREPROCESSOR_DEFINITIONS = (
					"DEBUG=1",
					"$(inherited)",
				);
				GCC_SYMBOLS_PRIVATE_EXTERN = NO;
				GCC_WARN_ABOUT_RETURN_TYPE = YES;
				GCC_WARN_UNINITIALIZED_AUTOS = YES;
				GCC_WARN_UNUSED_VARIABLE = YES;
				IPHONEOS_DEPLOYMENT_TARGET = 6.0;
				ONLY_ACTIVE_ARCH = YES;
				SDKROOT = iphoneos;
			};
			name = Debug;
		};
		28845F3016E6D6E90003287E /* Release */ = {
			isa = XCBuildConfiguration;
			buildSettings = {
				ALWAYS_SEARCH_USER_PATHS = NO;
				CLANG_CXX_LANGUAGE_STANDARD = "gnu++0x";
				CLANG_CXX_LIBRARY = "libc++";
				CLANG_ENABLE_OBJC_ARC = YES;
				CLANG_WARN_EMPTY_BODY = YES;
				CLANG_WARN__DUPLICATE_METHOD_MATCH = YES;
				"CODE_SIGN_IDENTITY[sdk=iphoneos*]" = "iPhone Developer";
				COPY_PHASE_STRIP = YES;
				GCC_C_LANGUAGE_STANDARD = gnu99;
				GCC_WARN_ABOUT_RETURN_TYPE = YES;
				GCC_WARN_UNINITIALIZED_AUTOS = YES;
				GCC_WARN_UNUSED_VARIABLE = YES;
				IPHONEOS_DEPLOYMENT_TARGET = 6.0;
				OTHER_CFLAGS = "-DNS_BLOCK_ASSERTIONS=1";
				SDKROOT = iphoneos;
				VALIDATE_PRODUCT = YES;
			};
			name = Release;
		};
		28845F3216E6D6E90003287E /* Debug */ = {
			isa = XCBuildConfiguration;
			buildSettings = {
				GCC_PRECOMPILE_PREFIX_HEADER = YES;
				GCC_PREFIX_HEADER = "TaskListR/TaskListR-Prefix.pch";
				INFOPLIST_FILE = "TaskListR/TaskListR-Info.plist";
				PRODUCT_NAME = "$(TARGET_NAME)";
				WRAPPER_EXTENSION = app;
			};
			name = Debug;
		};
		28845F3316E6D6E90003287E /* Release */ = {
			isa = XCBuildConfiguration;
			buildSettings = {
				GCC_PRECOMPILE_PREFIX_HEADER = YES;
				GCC_PREFIX_HEADER = "TaskListR/TaskListR-Prefix.pch";
				INFOPLIST_FILE = "TaskListR/TaskListR-Info.plist";
				PRODUCT_NAME = "$(TARGET_NAME)";
				WRAPPER_EXTENSION = app;
			};
			name = Release;
		};
/* End XCBuildConfiguration section */

/* Begin XCConfigurationList section */
		28845EFE16E6D6E80003287E /* Build configuration list for PBXProject "TaskListR" */ = {
			isa = XCConfigurationList;
			buildConfigurations = (
				28845F2F16E6D6E90003287E /* Debug */,
				28845F3016E6D6E90003287E /* Release */,
			);
			defaultConfigurationIsVisible = 0;
			defaultConfigurationName = Release;
		};
		28845F3116E6D6E90003287E /* Build configuration list for PBXNativeTarget "TaskListR" */ = {
			isa = XCConfigurationList;
			buildConfigurations = (
				28845F3216E6D6E90003287E /* Debug */,
				28845F3316E6D6E90003287E /* Release */,
			);
			defaultConfigurationIsVisible = 0;
		};
/* End XCConfigurationList section */

/* Begin XCVersionGroup section */
		28845F2916E6D6E90003287E /* TaskListR.xcdatamodeld */ = {
			isa = XCVersionGroup;
			children = (
				28845F2A16E6D6E90003287E /* TaskListR.xcdatamodel */,
			);
			currentVersion = 28845F2A16E6D6E90003287E /* TaskListR.xcdatamodel */;
			path = TaskListR.xcdatamodeld;
			sourceTree = "<group>";
			versionGroupType = wrapper.xcdatamodel;
		};
/* End XCVersionGroup section */
	};
	rootObject = 28845EFB16E6D6E80003287E /* Project object */;
}
